
Microsoft Visual Studio Solution File, Format Version 12.00
# Visual Studio Version 17
VisualStudioVersion = 17.0.31612.314
MinimumVisualStudioVersion = 10.0.40219.1
Project("{FAE04EC0-301F-11D3-BF4B-00C04F79EFBC}") = "LeitorCsv", "LeitorCsv\LeitorCsv.csproj", "{AFF28778-CBD8-447B-BD7F-A3A5C2D3C4ED}"
EndProject
Global
	GlobalSection(SolutionConfigurationPlatforms) = preSolution
		Debug|Any CPU = Debug|Any CPU
		Release|Any CPU = Release|Any CPU
	EndGlobalSection
	GlobalSection(ProjectConfigurationPlatforms) = postSolution
		{AFF28778-CBD8-447B-BD7F-A3A5C2D3C4ED}.Debug|Any CPU.ActiveCfg = Debug|Any CPU
		{AFF28778-CBD8-447B-BD7F-A3A5C2D3C4ED}.Debug|Any CPU.Build.0 = Debug|Any CPU
		{AFF28778-CBD8-447B-BD7F-A3A5C2D3C4ED}.Release|Any CPU.ActiveCfg = Release|Any CPU
		{AFF28778-CBD8-447B-BD7F-A3A5C2D3C4ED}.Release|Any CPU.Build.0 = Release|Any CPU
	EndGlobalSection
	GlobalSection(SolutionProperties) = preSolution
		HideSolutionNode = FALSE
	EndGlobalSection
	GlobalSection(ExtensibilityGlobals) = postSolution
		SolutionGuid = {DA9D1B51-711B-462D-B7B0-78364909145A}
	EndGlobalSection
EndGlobal
